// !$*UTF8*$!
{
	archiveVersion = 1;
	classes = {
	};
	objectVersion = 55;
	objects = {

/* Begin PBXBuildFile section */
		6601D0819D591A4AE8887645 /* Pods_Labeling.framework in Frameworks */ = {isa = PBXBuildFile; fileRef = 411B90E37CF6B1F55E5B484A /* Pods_Labeling.framework */; };
		8E0B9C62286EA6FA00E17EAF /* CategoryViewModel.swift in Sources */ = {isa = PBXBuildFile; fileRef = 8E0B9C61286EA6FA00E17EAF /* CategoryViewModel.swift */; };
		8E0B9C66286EBC2B00E17EAF /* FetchCategory.swift in Sources */ = {isa = PBXBuildFile; fileRef = 8E0B9C65286EBC2B00E17EAF /* FetchCategory.swift */; };
		8E0B9C68286ECDFC00E17EAF /* CategoryMenu.swift in Sources */ = {isa = PBXBuildFile; fileRef = 8E0B9C67286ECDFC00E17EAF /* CategoryMenu.swift */; };
		8E169E8128478C5400587094 /* NoLabelPlaceholderTableViewCell.swift in Sources */ = {isa = PBXBuildFile; fileRef = 8E169E8028478C5400587094 /* NoLabelPlaceholderTableViewCell.swift */; };
		8E169E8328478F8A00587094 /* NoLabelPlaceholderTableCell.xib in Resources */ = {isa = PBXBuildFile; fileRef = 8E169E8228478F8A00587094 /* NoLabelPlaceholderTableCell.xib */; };
		8E1A5F84282F713100388099 /* FirstLaunchCategory.swift in Sources */ = {isa = PBXBuildFile; fileRef = 8E1A5F83282F713100388099 /* FirstLaunchCategory.swift */; };
		8E3FACD7284231FF0024C6AB /* SettingsTableCell.xib in Resources */ = {isa = PBXBuildFile; fileRef = 8E3FACD6284231FF0024C6AB /* SettingsTableCell.xib */; };
		8E3FACD9284232940024C6AB /* DarkModeSettingCell.swift in Sources */ = {isa = PBXBuildFile; fileRef = 8E3FACD8284232940024C6AB /* DarkModeSettingCell.swift */; };
		8E581FD32834D4C400EF82F9 /* SettingsViewController.swift in Sources */ = {isa = PBXBuildFile; fileRef = 8E581FD22834D4C400EF82F9 /* SettingsViewController.swift */; };
		8E581FD52835CCFA00EF82F9 /* Settings.swift in Sources */ = {isa = PBXBuildFile; fileRef = 8E581FD42835CCFA00EF82F9 /* Settings.swift */; };
		8E581FDA2835F74600EF82F9 /* Protocols.swift in Sources */ = {isa = PBXBuildFile; fileRef = 8E581FD92835F74600EF82F9 /* Protocols.swift */; };
		8E5820222837520700EF82F9 /* AddCategoryViewCell.xib in Resources */ = {isa = PBXBuildFile; fileRef = 8E5820212837520600EF82F9 /* AddCategoryViewCell.xib */; };
		8E5820242837521900EF82F9 /* AddCategoryViewCell.swift in Sources */ = {isa = PBXBuildFile; fileRef = 8E5820232837521900EF82F9 /* AddCategoryViewCell.swift */; };
		8E58202A28375DD800EF82F9 /* AddCategoryViewController.swift in Sources */ = {isa = PBXBuildFile; fileRef = 8E58202928375DD800EF82F9 /* AddCategoryViewController.swift */; };
		8E64AEE5282DF0B3009D9BF7 /* Main.storyboard in Resources */ = {isa = PBXBuildFile; fileRef = 8E64AEE4282DF0B3009D9BF7 /* Main.storyboard */; };
		8E64AEEB282E2F0F009D9BF7 /* LabelTableViewController.swift in Sources */ = {isa = PBXBuildFile; fileRef = 8E64AEEA282E2F0F009D9BF7 /* LabelTableViewController.swift */; };
		8E64AEF2282E797D009D9BF7 /* Model.xcdatamodeld in Sources */ = {isa = PBXBuildFile; fileRef = 8E64AEF0282E797D009D9BF7 /* Model.xcdatamodeld */; };
		8E6D9CC0283F42280059362D /* Icons.swift in Sources */ = {isa = PBXBuildFile; fileRef = 8E6D9CBF283F42280059362D /* Icons.swift */; };
		8E6D9CC2283F4FB30059362D /* IconPickerViewConroller.swift in Sources */ = {isa = PBXBuildFile; fileRef = 8E6D9CC1283F4FB30059362D /* IconPickerViewConroller.swift */; };
		8E6D9CC4283F50240059362D /* IconPickerCell.xib in Resources */ = {isa = PBXBuildFile; fileRef = 8E6D9CC3283F50240059362D /* IconPickerCell.xib */; };
		8E6D9CC6283F50FD0059362D /* IconPIckerCell.swift in Sources */ = {isa = PBXBuildFile; fileRef = 8E6D9CC5283F50FD0059362D /* IconPIckerCell.swift */; };
		8E8B1174284DBBE400493C5F /* OnboardingViewController.swift in Sources */ = {isa = PBXBuildFile; fileRef = 8E8B1173284DBBE400493C5F /* OnboardingViewController.swift */; };
		8EC26B4B283E00AC00AA9439 /* LabelTableViewCell.swift in Sources */ = {isa = PBXBuildFile; fileRef = 8EC26B4A283E00AC00AA9439 /* LabelTableViewCell.swift */; };
		8EC9EC05284F6E6A0012EABC /* NoticeMessage.swift in Sources */ = {isa = PBXBuildFile; fileRef = 8EC9EC04284F6E6A0012EABC /* NoticeMessage.swift */; };
		8EC9EC07284F71640012EABC /* NoticeCell.swift in Sources */ = {isa = PBXBuildFile; fileRef = 8EC9EC06284F71640012EABC /* NoticeCell.swift */; };
		8ECBE218283A091C007D1B78 /* LabelTableCell.xib in Resources */ = {isa = PBXBuildFile; fileRef = 8ECBE217283A091C007D1B78 /* LabelTableCell.xib */; };
		8ECBE21A283A2373007D1B78 /* Constants.swift in Sources */ = {isa = PBXBuildFile; fileRef = 8ECBE219283A2373007D1B78 /* Constants.swift */; };
		8ED0A433284311A5008B8C69 /* ThemeSelectViewController.swift in Sources */ = {isa = PBXBuildFile; fileRef = 8ED0A432284311A5008B8C69 /* ThemeSelectViewController.swift */; };
		8ED0A435284333AF008B8C69 /* NoticeViewController.swift in Sources */ = {isa = PBXBuildFile; fileRef = 8ED0A434284333AF008B8C69 /* NoticeViewController.swift */; };
		8ED263DA281D623000812BA1 /* CategoryViewCell.swift in Sources */ = {isa = PBXBuildFile; fileRef = 8ED263D8281D623000812BA1 /* CategoryViewCell.swift */; };
		8ED263DB281D623000812BA1 /* CategoryViewCell.xib in Resources */ = {isa = PBXBuildFile; fileRef = 8ED263D9281D623000812BA1 /* CategoryViewCell.xib */; };
		8ED263DD281D653E00812BA1 /* Extensions.swift in Sources */ = {isa = PBXBuildFile; fileRef = 8ED263DC281D653E00812BA1 /* Extensions.swift */; };
		8ED47F7C2837DB0E00AAA781 /* SelectDateViewController.swift in Sources */ = {isa = PBXBuildFile; fileRef = 8ED47F7B2837DB0E00AAA781 /* SelectDateViewController.swift */; };
		8ED47F7E2837DBBF00AAA781 /* SelectTimeViewController.swift in Sources */ = {isa = PBXBuildFile; fileRef = 8ED47F7D2837DBBF00AAA781 /* SelectTimeViewController.swift */; };
		8EE476032819262F0004EA88 /* AppDelegate.swift in Sources */ = {isa = PBXBuildFile; fileRef = 8EE476022819262F0004EA88 /* AppDelegate.swift */; };
		8EE476052819262F0004EA88 /* SceneDelegate.swift in Sources */ = {isa = PBXBuildFile; fileRef = 8EE476042819262F0004EA88 /* SceneDelegate.swift */; };
		8EE476072819262F0004EA88 /* CategoryViewController.swift in Sources */ = {isa = PBXBuildFile; fileRef = 8EE476062819262F0004EA88 /* CategoryViewController.swift */; };
		8EE4760C281926330004EA88 /* Assets.xcassets in Resources */ = {isa = PBXBuildFile; fileRef = 8EE4760B281926330004EA88 /* Assets.xcassets */; };
		8EE4760F281926330004EA88 /* LaunchScreen.storyboard in Resources */ = {isa = PBXBuildFile; fileRef = 8EE4760D281926330004EA88 /* LaunchScreen.storyboard */; };
		8EF98012284EEAF600C6B716 /* OnboardingMessage.swift in Sources */ = {isa = PBXBuildFile; fileRef = 8EF98011284EEAF600C6B716 /* OnboardingMessage.swift */; };
		8EF98014284EEB2500C6B716 /* OnboardingCell.swift in Sources */ = {isa = PBXBuildFile; fileRef = 8EF98013284EEB2500C6B716 /* OnboardingCell.swift */; };
/* End PBXBuildFile section */

/* Begin PBXFileReference section */
		411B90E37CF6B1F55E5B484A /* Pods_Labeling.framework */ = {isa = PBXFileReference; explicitFileType = wrapper.framework; includeInIndex = 0; path = Pods_Labeling.framework; sourceTree = BUILT_PRODUCTS_DIR; };
		8E0B9C61286EA6FA00E17EAF /* CategoryViewModel.swift */ = {isa = PBXFileReference; lastKnownFileType = sourcecode.swift; path = CategoryViewModel.swift; sourceTree = "<group>"; };
		8E0B9C65286EBC2B00E17EAF /* FetchCategory.swift */ = {isa = PBXFileReference; lastKnownFileType = sourcecode.swift; path = FetchCategory.swift; sourceTree = "<group>"; };
		8E0B9C67286ECDFC00E17EAF /* CategoryMenu.swift */ = {isa = PBXFileReference; lastKnownFileType = sourcecode.swift; path = CategoryMenu.swift; sourceTree = "<group>"; };
		8E169E8028478C5400587094 /* NoLabelPlaceholderTableViewCell.swift */ = {isa = PBXFileReference; lastKnownFileType = sourcecode.swift; path = NoLabelPlaceholderTableViewCell.swift; sourceTree = "<group>"; };
		8E169E8228478F8A00587094 /* NoLabelPlaceholderTableCell.xib */ = {isa = PBXFileReference; lastKnownFileType = file.xib; path = NoLabelPlaceholderTableCell.xib; sourceTree = "<group>"; };
		8E1A5F83282F713100388099 /* FirstLaunchCategory.swift */ = {isa = PBXFileReference; lastKnownFileType = sourcecode.swift; path = FirstLaunchCategory.swift; sourceTree = "<group>"; };
		8E3FACD6284231FF0024C6AB /* SettingsTableCell.xib */ = {isa = PBXFileReference; lastKnownFileType = file.xib; path = SettingsTableCell.xib; sourceTree = "<group>"; };
		8E3FACD8284232940024C6AB /* DarkModeSettingCell.swift */ = {isa = PBXFileReference; lastKnownFileType = sourcecode.swift; path = DarkModeSettingCell.swift; sourceTree = "<group>"; };
		8E581FD22834D4C400EF82F9 /* SettingsViewController.swift */ = {isa = PBXFileReference; lastKnownFileType = sourcecode.swift; path = SettingsViewController.swift; sourceTree = "<group>"; };
		8E581FD42835CCFA00EF82F9 /* Settings.swift */ = {isa = PBXFileReference; lastKnownFileType = sourcecode.swift; path = Settings.swift; sourceTree = "<group>"; };
		8E581FD92835F74600EF82F9 /* Protocols.swift */ = {isa = PBXFileReference; lastKnownFileType = sourcecode.swift; path = Protocols.swift; sourceTree = "<group>"; };
		8E5820212837520600EF82F9 /* AddCategoryViewCell.xib */ = {isa = PBXFileReference; lastKnownFileType = file.xib; path = AddCategoryViewCell.xib; sourceTree = "<group>"; };
		8E5820232837521900EF82F9 /* AddCategoryViewCell.swift */ = {isa = PBXFileReference; lastKnownFileType = sourcecode.swift; path = AddCategoryViewCell.swift; sourceTree = "<group>"; };
		8E58202928375DD800EF82F9 /* AddCategoryViewController.swift */ = {isa = PBXFileReference; lastKnownFileType = sourcecode.swift; path = AddCategoryViewController.swift; sourceTree = "<group>"; };
		8E64AEE4282DF0B3009D9BF7 /* Main.storyboard */ = {isa = PBXFileReference; fileEncoding = 4; lastKnownFileType = file.storyboard; path = Main.storyboard; sourceTree = "<group>"; };
		8E64AEEA282E2F0F009D9BF7 /* LabelTableViewController.swift */ = {isa = PBXFileReference; lastKnownFileType = sourcecode.swift; path = LabelTableViewController.swift; sourceTree = "<group>"; };
		8E64AEF1282E797D009D9BF7 /* DataModel.xcdatamodel */ = {isa = PBXFileReference; lastKnownFileType = wrapper.xcdatamodel; path = DataModel.xcdatamodel; sourceTree = "<group>"; };
		8E6D9CBF283F42280059362D /* Icons.swift */ = {isa = PBXFileReference; lastKnownFileType = sourcecode.swift; path = Icons.swift; sourceTree = "<group>"; };
		8E6D9CC1283F4FB30059362D /* IconPickerViewConroller.swift */ = {isa = PBXFileReference; lastKnownFileType = sourcecode.swift; path = IconPickerViewConroller.swift; sourceTree = "<group>"; };
		8E6D9CC3283F50240059362D /* IconPickerCell.xib */ = {isa = PBXFileReference; lastKnownFileType = file.xib; path = IconPickerCell.xib; sourceTree = "<group>"; };
		8E6D9CC5283F50FD0059362D /* IconPIckerCell.swift */ = {isa = PBXFileReference; lastKnownFileType = sourcecode.swift; path = IconPIckerCell.swift; sourceTree = "<group>"; };
		8E8B1173284DBBE400493C5F /* OnboardingViewController.swift */ = {isa = PBXFileReference; lastKnownFileType = sourcecode.swift; path = OnboardingViewController.swift; sourceTree = "<group>"; };
		8EC26B4A283E00AC00AA9439 /* LabelTableViewCell.swift */ = {isa = PBXFileReference; lastKnownFileType = sourcecode.swift; path = LabelTableViewCell.swift; sourceTree = "<group>"; };
		8EC9EC04284F6E6A0012EABC /* NoticeMessage.swift */ = {isa = PBXFileReference; lastKnownFileType = sourcecode.swift; path = NoticeMessage.swift; sourceTree = "<group>"; };
		8EC9EC06284F71640012EABC /* NoticeCell.swift */ = {isa = PBXFileReference; lastKnownFileType = sourcecode.swift; path = NoticeCell.swift; sourceTree = "<group>"; };
		8ECBE217283A091C007D1B78 /* LabelTableCell.xib */ = {isa = PBXFileReference; lastKnownFileType = file.xib; path = LabelTableCell.xib; sourceTree = "<group>"; };
		8ECBE219283A2373007D1B78 /* Constants.swift */ = {isa = PBXFileReference; lastKnownFileType = sourcecode.swift; path = Constants.swift; sourceTree = "<group>"; };
		8ED0A432284311A5008B8C69 /* ThemeSelectViewController.swift */ = {isa = PBXFileReference; lastKnownFileType = sourcecode.swift; name = ThemeSelectViewController.swift; path = Labeling/ViewController/ThemeSelectViewController.swift; sourceTree = SOURCE_ROOT; };
		8ED0A434284333AF008B8C69 /* NoticeViewController.swift */ = {isa = PBXFileReference; lastKnownFileType = sourcecode.swift; name = NoticeViewController.swift; path = Labeling/ViewController/NoticeViewController.swift; sourceTree = SOURCE_ROOT; };
		8ED263D8281D623000812BA1 /* CategoryViewCell.swift */ = {isa = PBXFileReference; lastKnownFileType = sourcecode.swift; path = CategoryViewCell.swift; sourceTree = "<group>"; };
		8ED263D9281D623000812BA1 /* CategoryViewCell.xib */ = {isa = PBXFileReference; lastKnownFileType = file.xib; path = CategoryViewCell.xib; sourceTree = "<group>"; };
		8ED263DC281D653E00812BA1 /* Extensions.swift */ = {isa = PBXFileReference; lastKnownFileType = sourcecode.swift; path = Extensions.swift; sourceTree = "<group>"; };
		8ED47F7B2837DB0E00AAA781 /* SelectDateViewController.swift */ = {isa = PBXFileReference; lastKnownFileType = sourcecode.swift; path = SelectDateViewController.swift; sourceTree = "<group>"; };
		8ED47F7D2837DBBF00AAA781 /* SelectTimeViewController.swift */ = {isa = PBXFileReference; lastKnownFileType = sourcecode.swift; path = SelectTimeViewController.swift; sourceTree = "<group>"; };
		8EE475FF2819262F0004EA88 /* Labeling.app */ = {isa = PBXFileReference; explicitFileType = wrapper.application; includeInIndex = 0; path = Labeling.app; sourceTree = BUILT_PRODUCTS_DIR; };
		8EE476022819262F0004EA88 /* AppDelegate.swift */ = {isa = PBXFileReference; lastKnownFileType = sourcecode.swift; name = AppDelegate.swift; path = ../AppDelegate.swift; sourceTree = "<group>"; };
		8EE476042819262F0004EA88 /* SceneDelegate.swift */ = {isa = PBXFileReference; lastKnownFileType = sourcecode.swift; name = SceneDelegate.swift; path = ../SceneDelegate.swift; sourceTree = "<group>"; };
		8EE476062819262F0004EA88 /* CategoryViewController.swift */ = {isa = PBXFileReference; lastKnownFileType = sourcecode.swift; path = CategoryViewController.swift; sourceTree = "<group>"; };
		8EE4760B281926330004EA88 /* Assets.xcassets */ = {isa = PBXFileReference; lastKnownFileType = folder.assetcatalog; path = Assets.xcassets; sourceTree = "<group>"; };
		8EE4760E281926330004EA88 /* Base */ = {isa = PBXFileReference; lastKnownFileType = file.storyboard; name = Base; path = Base.lproj/LaunchScreen.storyboard; sourceTree = "<group>"; };
		8EE47610281926330004EA88 /* Info.plist */ = {isa = PBXFileReference; lastKnownFileType = text.plist.xml; path = Info.plist; sourceTree = "<group>"; };
		8EF98011284EEAF600C6B716 /* OnboardingMessage.swift */ = {isa = PBXFileReference; lastKnownFileType = sourcecode.swift; path = OnboardingMessage.swift; sourceTree = "<group>"; };
		8EF98013284EEB2500C6B716 /* OnboardingCell.swift */ = {isa = PBXFileReference; lastKnownFileType = sourcecode.swift; name = OnboardingCell.swift; path = Labeling/ViewController/OnboardingCell.swift; sourceTree = SOURCE_ROOT; };
		9B73038C3BEE1C9A3573514C /* Pods-Labeling.debug.xcconfig */ = {isa = PBXFileReference; includeInIndex = 1; lastKnownFileType = text.xcconfig; name = "Pods-Labeling.debug.xcconfig"; path = "Target Support Files/Pods-Labeling/Pods-Labeling.debug.xcconfig"; sourceTree = "<group>"; };
		CE2E2251AFD37A134F9AECE4 /* Pods-Labeling.release.xcconfig */ = {isa = PBXFileReference; includeInIndex = 1; lastKnownFileType = text.xcconfig; name = "Pods-Labeling.release.xcconfig"; path = "Target Support Files/Pods-Labeling/Pods-Labeling.release.xcconfig"; sourceTree = "<group>"; };
/* End PBXFileReference section */

/* Begin PBXFrameworksBuildPhase section */
		8EE475FC2819262F0004EA88 /* Frameworks */ = {
			isa = PBXFrameworksBuildPhase;
			buildActionMask = 2147483647;
			files = (
				6601D0819D591A4AE8887645 /* Pods_Labeling.framework in Frameworks */,
			);
			runOnlyForDeploymentPostprocessing = 0;
		};
/* End PBXFrameworksBuildPhase section */

/* Begin PBXGroup section */
		38872CF0A35D059C8542A17A /* Pods */ = {
			isa = PBXGroup;
			children = (
				9B73038C3BEE1C9A3573514C /* Pods-Labeling.debug.xcconfig */,
				CE2E2251AFD37A134F9AECE4 /* Pods-Labeling.release.xcconfig */,
			);
			path = Pods;
			sourceTree = "<group>";
		};
		81335EA42F5A7E468C5CAFA5 /* Frameworks */ = {
			isa = PBXGroup;
			children = (
				411B90E37CF6B1F55E5B484A /* Pods_Labeling.framework */,
			);
			name = Frameworks;
			sourceTree = "<group>";
		};
		8E0B9C63286EA6FF00E17EAF /* CategoryViewController */ = {
			isa = PBXGroup;
			children = (
				8EE476062819262F0004EA88 /* CategoryViewController.swift */,
				8E0B9C61286EA6FA00E17EAF /* CategoryViewModel.swift */,
				8E0B9C67286ECDFC00E17EAF /* CategoryMenu.swift */,
			);
			path = CategoryViewController;
			sourceTree = "<group>";
		};
		8E0B9C64286EBBED00E17EAF /* CoreData */ = {
			isa = PBXGroup;
			children = (
				8E0B9C65286EBC2B00E17EAF /* FetchCategory.swift */,
			);
			path = CoreData;
			sourceTree = "<group>";
		};
		8E581FD82835F72F00EF82F9 /* Protocols */ = {
			isa = PBXGroup;
			children = (
				8E581FD92835F74600EF82F9 /* Protocols.swift */,
			);
			path = Protocols;
			sourceTree = "<group>";
		};
		8E64AEE3282CED29009D9BF7 /* Resources */ = {
			isa = PBXGroup;
			children = (
				8EE476022819262F0004EA88 /* AppDelegate.swift */,
				8EE476042819262F0004EA88 /* SceneDelegate.swift */,
				8EE4760B281926330004EA88 /* Assets.xcassets */,
			);
			path = Resources;
			sourceTree = "<group>";
		};
		8E64AEE6282DF2C6009D9BF7 /* View */ = {
			isa = PBXGroup;
			children = (
				8E64AEE4282DF0B3009D9BF7 /* Main.storyboard */,
				8ED263D9281D623000812BA1 /* CategoryViewCell.xib */,
				8E5820212837520600EF82F9 /* AddCategoryViewCell.xib */,
				8ECBE217283A091C007D1B78 /* LabelTableCell.xib */,
				8E169E8228478F8A00587094 /* NoLabelPlaceholderTableCell.xib */,
				8E6D9CC3283F50240059362D /* IconPickerCell.xib */,
				8E3FACD6284231FF0024C6AB /* SettingsTableCell.xib */,
				8EE4760D281926330004EA88 /* LaunchScreen.storyboard */,
			);
			path = View;
			sourceTree = "<group>";
		};
		8E64AEE7282DF2D3009D9BF7 /* ViewController */ = {
			isa = PBXGroup;
			children = (
				8E0B9C63286EA6FF00E17EAF /* CategoryViewController */,
				8E58202928375DD800EF82F9 /* AddCategoryViewController.swift */,
				8ED47F7B2837DB0E00AAA781 /* SelectDateViewController.swift */,
				8ED47F7D2837DBBF00AAA781 /* SelectTimeViewController.swift */,
				8E64AEEA282E2F0F009D9BF7 /* LabelTableViewController.swift */,
				8E6D9CC1283F4FB30059362D /* IconPickerViewConroller.swift */,
				8E581FD22834D4C400EF82F9 /* SettingsViewController.swift */,
				8ED0A432284311A5008B8C69 /* ThemeSelectViewController.swift */,
				8ED0A434284333AF008B8C69 /* NoticeViewController.swift */,
				8E8B1173284DBBE400493C5F /* OnboardingViewController.swift */,
				8ED263D8281D623000812BA1 /* CategoryViewCell.swift */,
				8E5820232837521900EF82F9 /* AddCategoryViewCell.swift */,
				8EC26B4A283E00AC00AA9439 /* LabelTableViewCell.swift */,
				8E6D9CC5283F50FD0059362D /* IconPIckerCell.swift */,
				8E169E8028478C5400587094 /* NoLabelPlaceholderTableViewCell.swift */,
				8EC9EC06284F71640012EABC /* NoticeCell.swift */,
				8E3FACD8284232940024C6AB /* DarkModeSettingCell.swift */,
				8EF98013284EEB2500C6B716 /* OnboardingCell.swift */,
			);
			path = ViewController;
			sourceTree = "<group>";
		};
		8E64AEE8282DF2DC009D9BF7 /* Extensions */ = {
			isa = PBXGroup;
			children = (
				8ED263DC281D653E00812BA1 /* Extensions.swift */,
			);
			path = Extensions;
			sourceTree = "<group>";
		};
		8E64AEE9282DF2F8009D9BF7 /* Model */ = {
			isa = PBXGroup;
			children = (
				8E64AEF0282E797D009D9BF7 /* Model.xcdatamodeld */,
				8E581FD42835CCFA00EF82F9 /* Settings.swift */,
				8EF98011284EEAF600C6B716 /* OnboardingMessage.swift */,
				8EC9EC04284F6E6A0012EABC /* NoticeMessage.swift */,
				8E1A5F83282F713100388099 /* FirstLaunchCategory.swift */,
				8ECBE219283A2373007D1B78 /* Constants.swift */,
				8E6D9CBF283F42280059362D /* Icons.swift */,
			);
			path = Model;
			sourceTree = "<group>";
		};
		8EE475F62819262F0004EA88 = {
			isa = PBXGroup;
			children = (
				8EE476012819262F0004EA88 /* Labeling */,
				8EE476002819262F0004EA88 /* Products */,
				38872CF0A35D059C8542A17A /* Pods */,
				81335EA42F5A7E468C5CAFA5 /* Frameworks */,
			);
			sourceTree = "<group>";
		};
		8EE476002819262F0004EA88 /* Products */ = {
			isa = PBXGroup;
			children = (
				8EE475FF2819262F0004EA88 /* Labeling.app */,
			);
			name = Products;
			sourceTree = "<group>";
		};
		8EE476012819262F0004EA88 /* Labeling */ = {
			isa = PBXGroup;
			children = (
				8E64AEE3282CED29009D9BF7 /* Resources */,
				8E581FD82835F72F00EF82F9 /* Protocols */,
				8E64AEE8282DF2DC009D9BF7 /* Extensions */,
				8E0B9C64286EBBED00E17EAF /* CoreData */,
				8E64AEE9282DF2F8009D9BF7 /* Model */,
				8E64AEE6282DF2C6009D9BF7 /* View */,
				8E64AEE7282DF2D3009D9BF7 /* ViewController */,
				8EE47610281926330004EA88 /* Info.plist */,
			);
			path = Labeling;
			sourceTree = "<group>";
		};
/* End PBXGroup section */

/* Begin PBXNativeTarget section */
		8EE475FE2819262F0004EA88 /* Labeling */ = {
			isa = PBXNativeTarget;
			buildConfigurationList = 8EE47613281926330004EA88 /* Build configuration list for PBXNativeTarget "Labeling" */;
			buildPhases = (
				143A81E1602DA301A61BD604 /* [CP] Check Pods Manifest.lock */,
				8EE475FB2819262F0004EA88 /* Sources */,
				8EE475FC2819262F0004EA88 /* Frameworks */,
				8EE475FD2819262F0004EA88 /* Resources */,
				144DF65134B4590DB80799DB /* [CP] Embed Pods Frameworks */,
			);
			buildRules = (
			);
			dependencies = (
			);
			name = Labeling;
			productName = Labeling;
			productReference = 8EE475FF2819262F0004EA88 /* Labeling.app */;
			productType = "com.apple.product-type.application";
		};
/* End PBXNativeTarget section */

/* Begin PBXProject section */
		8EE475F72819262F0004EA88 /* Project object */ = {
			isa = PBXProject;
			attributes = {
				BuildIndependentTargetsInParallel = 1;
				LastSwiftUpdateCheck = 1330;
				LastUpgradeCheck = 1340;
				TargetAttributes = {
					8EE475FE2819262F0004EA88 = {
						CreatedOnToolsVersion = 13.3.1;
					};
				};
			};
			buildConfigurationList = 8EE475FA2819262F0004EA88 /* Build configuration list for PBXProject "Labeling" */;
			compatibilityVersion = "Xcode 13.0";
			developmentRegion = en;
			hasScannedForEncodings = 0;
			knownRegions = (
				en,
				Base,
			);
			mainGroup = 8EE475F62819262F0004EA88;
			productRefGroup = 8EE476002819262F0004EA88 /* Products */;
			projectDirPath = "";
			projectRoot = "";
			targets = (
				8EE475FE2819262F0004EA88 /* Labeling */,
			);
		};
/* End PBXProject section */

/* Begin PBXResourcesBuildPhase section */
		8EE475FD2819262F0004EA88 /* Resources */ = {
			isa = PBXResourcesBuildPhase;
			buildActionMask = 2147483647;
			files = (
				8ED263DB281D623000812BA1 /* CategoryViewCell.xib in Resources */,
				8E64AEE5282DF0B3009D9BF7 /* Main.storyboard in Resources */,
				8E5820222837520700EF82F9 /* AddCategoryViewCell.xib in Resources */,
				8EE4760F281926330004EA88 /* LaunchScreen.storyboard in Resources */,
				8EE4760C281926330004EA88 /* Assets.xcassets in Resources */,
				8E169E8328478F8A00587094 /* NoLabelPlaceholderTableCell.xib in Resources */,
				8ECBE218283A091C007D1B78 /* LabelTableCell.xib in Resources */,
				8E6D9CC4283F50240059362D /* IconPickerCell.xib in Resources */,
				8E3FACD7284231FF0024C6AB /* SettingsTableCell.xib in Resources */,
			);
			runOnlyForDeploymentPostprocessing = 0;
		};
/* End PBXResourcesBuildPhase section */

/* Begin PBXShellScriptBuildPhase section */
		143A81E1602DA301A61BD604 /* [CP] Check Pods Manifest.lock */ = {
			isa = PBXShellScriptBuildPhase;
			buildActionMask = 2147483647;
			files = (
			);
			inputFileListPaths = (
			);
			inputPaths = (
				"${PODS_PODFILE_DIR_PATH}/Podfile.lock",
				"${PODS_ROOT}/Manifest.lock",
			);
			name = "[CP] Check Pods Manifest.lock";
			outputFileListPaths = (
			);
			outputPaths = (
				"$(DERIVED_FILE_DIR)/Pods-Labeling-checkManifestLockResult.txt",
			);
			runOnlyForDeploymentPostprocessing = 0;
			shellPath = /bin/sh;
			shellScript = "diff \"${PODS_PODFILE_DIR_PATH}/Podfile.lock\" \"${PODS_ROOT}/Manifest.lock\" > /dev/null\nif [ $? != 0 ] ; then\n    # print error to STDERR\n    echo \"error: The sandbox is not in sync with the Podfile.lock. Run 'pod install' or update your CocoaPods installation.\" >&2\n    exit 1\nfi\n# This output is used by Xcode 'outputs' to avoid re-running this script phase.\necho \"SUCCESS\" > \"${SCRIPT_OUTPUT_FILE_0}\"\n";
			showEnvVarsInLog = 0;
		};
		144DF65134B4590DB80799DB /* [CP] Embed Pods Frameworks */ = {
			isa = PBXShellScriptBuildPhase;
			buildActionMask = 2147483647;
			files = (
			);
			inputFileListPaths = (
				"${PODS_ROOT}/Target Support Files/Pods-Labeling/Pods-Labeling-frameworks-${CONFIGURATION}-input-files.xcfilelist",
			);
			name = "[CP] Embed Pods Frameworks";
			outputFileListPaths = (
				"${PODS_ROOT}/Target Support Files/Pods-Labeling/Pods-Labeling-frameworks-${CONFIGURATION}-output-files.xcfilelist",
			);
			runOnlyForDeploymentPostprocessing = 0;
			shellPath = /bin/sh;
			shellScript = "\"${PODS_ROOT}/Target Support Files/Pods-Labeling/Pods-Labeling-frameworks.sh\"\n";
			showEnvVarsInLog = 0;
		};
/* End PBXShellScriptBuildPhase section */

/* Begin PBXSourcesBuildPhase section */
		8EE475FB2819262F0004EA88 /* Sources */ = {
			isa = PBXSourcesBuildPhase;
			buildActionMask = 2147483647;
			files = (
				8E0B9C68286ECDFC00E17EAF /* CategoryMenu.swift in Sources */,
				8E6D9CC2283F4FB30059362D /* IconPickerViewConroller.swift in Sources */,
				8EC9EC05284F6E6A0012EABC /* NoticeMessage.swift in Sources */,
				8EE476072819262F0004EA88 /* CategoryViewController.swift in Sources */,
				8ED47F7E2837DBBF00AAA781 /* SelectTimeViewController.swift in Sources */,
				8E581FDA2835F74600EF82F9 /* Protocols.swift in Sources */,
				8EE476032819262F0004EA88 /* AppDelegate.swift in Sources */,
				8EE476052819262F0004EA88 /* SceneDelegate.swift in Sources */,
				8E3FACD9284232940024C6AB /* DarkModeSettingCell.swift in Sources */,
				8ECBE21A283A2373007D1B78 /* Constants.swift in Sources */,
				8EF98012284EEAF600C6B716 /* OnboardingMessage.swift in Sources */,
				8ED0A433284311A5008B8C69 /* ThemeSelectViewController.swift in Sources */,
				8ED263DD281D653E00812BA1 /* Extensions.swift in Sources */,
				8E581FD52835CCFA00EF82F9 /* Settings.swift in Sources */,
				8E5820242837521900EF82F9 /* AddCategoryViewCell.swift in Sources */,
				8E8B1174284DBBE400493C5F /* OnboardingViewController.swift in Sources */,
				8E6D9CC6283F50FD0059362D /* IconPIckerCell.swift in Sources */,
				8ED263DA281D623000812BA1 /* CategoryViewCell.swift in Sources */,
				8EC26B4B283E00AC00AA9439 /* LabelTableViewCell.swift in Sources */,
				8EC9EC07284F71640012EABC /* NoticeCell.swift in Sources */,
				8ED47F7C2837DB0E00AAA781 /* SelectDateViewController.swift in Sources */,
				8E1A5F84282F713100388099 /* FirstLaunchCategory.swift in Sources */,
				8E64AEEB282E2F0F009D9BF7 /* LabelTableViewController.swift in Sources */,
				8E0B9C62286EA6FA00E17EAF /* CategoryViewModel.swift in Sources */,
				8E0B9C66286EBC2B00E17EAF /* FetchCategory.swift in Sources */,
				8E6D9CC0283F42280059362D /* Icons.swift in Sources */,
				8E169E8128478C5400587094 /* NoLabelPlaceholderTableViewCell.swift in Sources */,
				8E581FD32834D4C400EF82F9 /* SettingsViewController.swift in Sources */,
				8EF98014284EEB2500C6B716 /* OnboardingCell.swift in Sources */,
				8ED0A435284333AF008B8C69 /* NoticeViewController.swift in Sources */,
				8E58202A28375DD800EF82F9 /* AddCategoryViewController.swift in Sources */,
				8E64AEF2282E797D009D9BF7 /* Model.xcdatamodeld in Sources */,
			);
			runOnlyForDeploymentPostprocessing = 0;
		};
/* End PBXSourcesBuildPhase section */

/* Begin PBXVariantGroup section */
		8EE4760D281926330004EA88 /* LaunchScreen.storyboard */ = {
			isa = PBXVariantGroup;
			children = (
				8EE4760E281926330004EA88 /* Base */,
			);
			name = LaunchScreen.storyboard;
			sourceTree = "<group>";
		};
/* End PBXVariantGroup section */

/* Begin XCBuildConfiguration section */
		8EE47611281926330004EA88 /* Debug */ = {
			isa = XCBuildConfiguration;
			buildSettings = {
				ALWAYS_SEARCH_USER_PATHS = NO;
				CLANG_ANALYZER_NONNULL = YES;
				CLANG_ANALYZER_NUMBER_OBJECT_CONVERSION = YES_AGGRESSIVE;
				CLANG_CXX_LANGUAGE_STANDARD = "gnu++17";
				CLANG_ENABLE_MODULES = YES;
				CLANG_ENABLE_OBJC_ARC = YES;
				CLANG_ENABLE_OBJC_WEAK = YES;
				CLANG_WARN_BLOCK_CAPTURE_AUTORELEASING = YES;
				CLANG_WARN_BOOL_CONVERSION = YES;
				CLANG_WARN_COMMA = YES;
				CLANG_WARN_CONSTANT_CONVERSION = YES;
				CLANG_WARN_DEPRECATED_OBJC_IMPLEMENTATIONS = YES;
				CLANG_WARN_DIRECT_OBJC_ISA_USAGE = YES_ERROR;
				CLANG_WARN_DOCUMENTATION_COMMENTS = YES;
				CLANG_WARN_EMPTY_BODY = YES;
				CLANG_WARN_ENUM_CONVERSION = YES;
				CLANG_WARN_INFINITE_RECURSION = YES;
				CLANG_WARN_INT_CONVERSION = YES;
				CLANG_WARN_NON_LITERAL_NULL_CONVERSION = YES;
				CLANG_WARN_OBJC_IMPLICIT_RETAIN_SELF = YES;
				CLANG_WARN_OBJC_LITERAL_CONVERSION = YES;
				CLANG_WARN_OBJC_ROOT_CLASS = YES_ERROR;
				CLANG_WARN_QUOTED_INCLUDE_IN_FRAMEWORK_HEADER = YES;
				CLANG_WARN_RANGE_LOOP_ANALYSIS = YES;
				CLANG_WARN_STRICT_PROTOTYPES = YES;
				CLANG_WARN_SUSPICIOUS_MOVE = YES;
				CLANG_WARN_UNGUARDED_AVAILABILITY = YES_AGGRESSIVE;
				CLANG_WARN_UNREACHABLE_CODE = YES;
				CLANG_WARN__DUPLICATE_METHOD_MATCH = YES;
				COPY_PHASE_STRIP = NO;
				DEBUG_INFORMATION_FORMAT = dwarf;
				ENABLE_STRICT_OBJC_MSGSEND = YES;
				ENABLE_TESTABILITY = YES;
				GCC_C_LANGUAGE_STANDARD = gnu11;
				GCC_DYNAMIC_NO_PIC = NO;
				GCC_NO_COMMON_BLOCKS = YES;
				GCC_OPTIMIZATION_LEVEL = 0;
				GCC_PREPROCESSOR_DEFINITIONS = (
					"DEBUG=1",
					"$(inherited)",
				);
				GCC_WARN_64_TO_32_BIT_CONVERSION = YES;
				GCC_WARN_ABOUT_RETURN_TYPE = YES_ERROR;
				GCC_WARN_UNDECLARED_SELECTOR = YES;
				GCC_WARN_UNINITIALIZED_AUTOS = YES_AGGRESSIVE;
				GCC_WARN_UNUSED_FUNCTION = YES;
				GCC_WARN_UNUSED_VARIABLE = YES;
				IPHONEOS_DEPLOYMENT_TARGET = 15.4;
				MTL_ENABLE_DEBUG_INFO = INCLUDE_SOURCE;
				MTL_FAST_MATH = YES;
				ONLY_ACTIVE_ARCH = YES;
				SDKROOT = iphoneos;
				SWIFT_ACTIVE_COMPILATION_CONDITIONS = DEBUG;
				SWIFT_OPTIMIZATION_LEVEL = "-Onone";
			};
			name = Debug;
		};
		8EE47612281926330004EA88 /* Release */ = {
			isa = XCBuildConfiguration;
			buildSettings = {
				ALWAYS_SEARCH_USER_PATHS = NO;
				CLANG_ANALYZER_NONNULL = YES;
				CLANG_ANALYZER_NUMBER_OBJECT_CONVERSION = YES_AGGRESSIVE;
				CLANG_CXX_LANGUAGE_STANDARD = "gnu++17";
				CLANG_ENABLE_MODULES = YES;
				CLANG_ENABLE_OBJC_ARC = YES;
				CLANG_ENABLE_OBJC_WEAK = YES;
				CLANG_WARN_BLOCK_CAPTURE_AUTORELEASING = YES;
				CLANG_WARN_BOOL_CONVERSION = YES;
				CLANG_WARN_COMMA = YES;
				CLANG_WARN_CONSTANT_CONVERSION = YES;
				CLANG_WARN_DEPRECATED_OBJC_IMPLEMENTATIONS = YES;
				CLANG_WARN_DIRECT_OBJC_ISA_USAGE = YES_ERROR;
				CLANG_WARN_DOCUMENTATION_COMMENTS = YES;
				CLANG_WARN_EMPTY_BODY = YES;
				CLANG_WARN_ENUM_CONVERSION = YES;
				CLANG_WARN_INFINITE_RECURSION = YES;
				CLANG_WARN_INT_CONVERSION = YES;
				CLANG_WARN_NON_LITERAL_NULL_CONVERSION = YES;
				CLANG_WARN_OBJC_IMPLICIT_RETAIN_SELF = YES;
				CLANG_WARN_OBJC_LITERAL_CONVERSION = YES;
				CLANG_WARN_OBJC_ROOT_CLASS = YES_ERROR;
				CLANG_WARN_QUOTED_INCLUDE_IN_FRAMEWORK_HEADER = YES;
				CLANG_WARN_RANGE_LOOP_ANALYSIS = YES;
				CLANG_WARN_STRICT_PROTOTYPES = YES;
				CLANG_WARN_SUSPICIOUS_MOVE = YES;
				CLANG_WARN_UNGUARDED_AVAILABILITY = YES_AGGRESSIVE;
				CLANG_WARN_UNREACHABLE_CODE = YES;
				CLANG_WARN__DUPLICATE_METHOD_MATCH = YES;
				COPY_PHASE_STRIP = NO;
				DEBUG_INFORMATION_FORMAT = "dwarf-with-dsym";
				ENABLE_NS_ASSERTIONS = NO;
				ENABLE_STRICT_OBJC_MSGSEND = YES;
				GCC_C_LANGUAGE_STANDARD = gnu11;
				GCC_NO_COMMON_BLOCKS = YES;
				GCC_WARN_64_TO_32_BIT_CONVERSION = YES;
				GCC_WARN_ABOUT_RETURN_TYPE = YES_ERROR;
				GCC_WARN_UNDECLARED_SELECTOR = YES;
				GCC_WARN_UNINITIALIZED_AUTOS = YES_AGGRESSIVE;
				GCC_WARN_UNUSED_FUNCTION = YES;
				GCC_WARN_UNUSED_VARIABLE = YES;
				IPHONEOS_DEPLOYMENT_TARGET = 15.4;
				MTL_ENABLE_DEBUG_INFO = NO;
				MTL_FAST_MATH = YES;
				SDKROOT = iphoneos;
				SWIFT_COMPILATION_MODE = wholemodule;
				SWIFT_OPTIMIZATION_LEVEL = "-O";
				VALIDATE_PRODUCT = YES;
			};
			name = Release;
		};
		8EE47614281926330004EA88 /* Debug */ = {
			isa = XCBuildConfiguration;
			baseConfigurationReference = 9B73038C3BEE1C9A3573514C /* Pods-Labeling.debug.xcconfig */;
			buildSettings = {
				ASSETCATALOG_COMPILER_APPICON_NAME = AppIcon;
				ASSETCATALOG_COMPILER_GLOBAL_ACCENT_COLOR_NAME = AccentColor;
				ASSETCATALOG_COMPILER_INCLUDE_ALL_APPICON_ASSETS = NO;
				CODE_SIGN_STYLE = Automatic;
				CURRENT_PROJECT_VERSION = 1;
				DEVELOPMENT_TEAM = VP52T77886;
				GENERATE_INFOPLIST_FILE = YES;
				INFOPLIST_FILE = Labeling/Info.plist;
				INFOPLIST_KEY_UIApplicationSupportsIndirectInputEvents = YES;
				INFOPLIST_KEY_UILaunchStoryboardName = LaunchScreen;
				INFOPLIST_KEY_UIMainStoryboardFile = Main;
				INFOPLIST_KEY_UISupportedInterfaceOrientations = UIInterfaceOrientationPortrait;
				INFOPLIST_KEY_UISupportedInterfaceOrientations_iPad = "UIInterfaceOrientationPortrait UIInterfaceOrientationPortraitUpsideDown UIInterfaceOrientationLandscapeLeft UIInterfaceOrientationLandscapeRight";
				INFOPLIST_KEY_UISupportedInterfaceOrientations_iPhone = "UIInterfaceOrientationPortrait UIInterfaceOrientationLandscapeLeft UIInterfaceOrientationLandscapeRight";
				IPHONEOS_DEPLOYMENT_TARGET = 13.0;
				LD_RUNPATH_SEARCH_PATHS = (
					"$(inherited)",
					"@executable_path/Frameworks",
				);
				MARKETING_VERSION = 1.1.1;
				PRODUCT_BUNDLE_IDENTIFIER = com.SeYeong.Labeling;
				PRODUCT_NAME = "$(TARGET_NAME)";
				SWIFT_EMIT_LOC_STRINGS = YES;
				SWIFT_VERSION = 5.0;
				TARGETED_DEVICE_FAMILY = 1;
			};
			name = Debug;
		};
		8EE47615281926330004EA88 /* Release */ = {
			isa = XCBuildConfiguration;
			baseConfigurationReference = CE2E2251AFD37A134F9AECE4 /* Pods-Labeling.release.xcconfig */;
			buildSettings = {
				ASSETCATALOG_COMPILER_APPICON_NAME = AppIcon;
				ASSETCATALOG_COMPILER_GLOBAL_ACCENT_COLOR_NAME = AccentColor;
				ASSETCATALOG_COMPILER_INCLUDE_ALL_APPICON_ASSETS = NO;
				CODE_SIGN_STYLE = Automatic;
				CURRENT_PROJECT_VERSION = 1;
				DEVELOPMENT_TEAM = VP52T77886;
				GENERATE_INFOPLIST_FILE = YES;
				INFOPLIST_FILE = Labeling/Info.plist;
				INFOPLIST_KEY_UIApplicationSupportsIndirectInputEvents = YES;
				INFOPLIST_KEY_UILaunchStoryboardName = LaunchScreen;
				INFOPLIST_KEY_UIMainStoryboardFile = Main;
				INFOPLIST_KEY_UISupportedInterfaceOrientations = UIInterfaceOrientationPortrait;
				INFOPLIST_KEY_UISupportedInterfaceOrientations_iPad = "UIInterfaceOrientationPortrait UIInterfaceOrientationPortraitUpsideDown UIInterfaceOrientationLandscapeLeft UIInterfaceOrientationLandscapeRight";
				INFOPLIST_KEY_UISupportedInterfaceOrientations_iPhone = "UIInterfaceOrientationPortrait UIInterfaceOrientationLandscapeLeft UIInterfaceOrientationLandscapeRight";
				IPHONEOS_DEPLOYMENT_TARGET = 13.0;
				LD_RUNPATH_SEARCH_PATHS = (
					"$(inherited)",
					"@executable_path/Frameworks",
				);
				MARKETING_VERSION = 1.1.1;
				PRODUCT_BUNDLE_IDENTIFIER = com.SeYeong.Labeling;
				PRODUCT_NAME = "$(TARGET_NAME)";
				SWIFT_EMIT_LOC_STRINGS = YES;
				SWIFT_VERSION = 5.0;
				TARGETED_DEVICE_FAMILY = 1;
			};
			name = Release;
		};
/* End XCBuildConfiguration section */

/* Begin XCConfigurationList section */
		8EE475FA2819262F0004EA88 /* Build configuration list for PBXProject "Labeling" */ = {
			isa = XCConfigurationList;
			buildConfigurations = (
				8EE47611281926330004EA88 /* Debug */,
				8EE47612281926330004EA88 /* Release */,
			);
			defaultConfigurationIsVisible = 0;
			defaultConfigurationName = Release;
		};
		8EE47613281926330004EA88 /* Build configuration list for PBXNativeTarget "Labeling" */ = {
			isa = XCConfigurationList;
			buildConfigurations = (
				8EE47614281926330004EA88 /* Debug */,
				8EE47615281926330004EA88 /* Release */,
			);
			defaultConfigurationIsVisible = 0;
			defaultConfigurationName = Release;
		};
/* End XCConfigurationList section */

/* Begin XCVersionGroup section */
		8E64AEF0282E797D009D9BF7 /* Model.xcdatamodeld */ = {
			isa = XCVersionGroup;
			children = (
				8E64AEF1282E797D009D9BF7 /* DataModel.xcdatamodel */,
			);
			currentVersion = 8E64AEF1282E797D009D9BF7 /* DataModel.xcdatamodel */;
			path = Model.xcdatamodeld;
			sourceTree = "<group>";
			versionGroupType = wrapper.xcdatamodel;
		};
/* End XCVersionGroup section */
	};
	rootObject = 8EE475F72819262F0004EA88 /* Project object */;
}
